
Microsoft Visual Studio Solution File, Format Version 12.00
# Visual Studio 15
VisualStudioVersion = 15.0.28307.779
MinimumVisualStudioVersion = 10.0.40219.1
Project("{FAE04EC0-301F-11D3-BF4B-00C04F79EFBC}") = "Addition and multiplication", "Addition and multiplication\Addition and multiplication.csproj", "{DB6FEB10-1D12-40C8-A3DF-7D4F3806A123}"
EndProject
Global
	GlobalSection(SolutionConfigurationPlatforms) = preSolution
		Debug|Any CPU = Debug|Any CPU
		Release|Any CPU = Release|Any CPU
	EndGlobalSection
	GlobalSection(ProjectConfigurationPlatforms) = postSolution
		{DB6FEB10-1D12-40C8-A3DF-7D4F3806A123}.Debug|Any CPU.ActiveCfg = Debug|Any CPU
		{DB6FEB10-1D12-40C8-A3DF-7D4F3806A123}.Debug|Any CPU.Build.0 = Debug|Any CPU
		{DB6FEB10-1D12-40C8-A3DF-7D4F3806A123}.Release|Any CPU.ActiveCfg = Release|Any CPU
		{DB6FEB10-1D12-40C8-A3DF-7D4F3806A123}.Release|Any CPU.Build.0 = Release|Any CPU
	EndGlobalSection
	GlobalSection(SolutionProperties) = preSolution
		HideSolutionNode = FALSE
	EndGlobalSection
	GlobalSection(ExtensibilityGlobals) = postSolution
		SolutionGuid = {70A67368-7F24-4365-9A10-B2979D85F336}
	EndGlobalSection
EndGlobal
