
Microsoft Visual Studio Solution File, Format Version 12.00
# Visual Studio 15
VisualStudioVersion = 15.0.28307.779
MinimumVisualStudioVersion = 10.0.40219.1
Project("{8BC9CEB8-8B4A-11D0-8D11-00A0C91BC942}") = "studentlist", "studentlist\studentlist.vcxproj", "{EAB43529-8735-4C4F-85DD-F8CC25A15FD0}"
EndProject
Global
	GlobalSection(SolutionConfigurationPlatforms) = preSolution
		Debug|x64 = Debug|x64
		Debug|x86 = Debug|x86
		Release|x64 = Release|x64
		Release|x86 = Release|x86
	EndGlobalSection
	GlobalSection(ProjectConfigurationPlatforms) = postSolution
		{EAB43529-8735-4C4F-85DD-F8CC25A15FD0}.Debug|x64.ActiveCfg = Debug|x64
		{EAB43529-8735-4C4F-85DD-F8CC25A15FD0}.Debug|x64.Build.0 = Debug|x64
		{EAB43529-8735-4C4F-85DD-F8CC25A15FD0}.Debug|x86.ActiveCfg = Debug|Win32
		{EAB43529-8735-4C4F-85DD-F8CC25A15FD0}.Debug|x86.Build.0 = Debug|Win32
		{EAB43529-8735-4C4F-85DD-F8CC25A15FD0}.Release|x64.ActiveCfg = Release|x64
		{EAB43529-8735-4C4F-85DD-F8CC25A15FD0}.Release|x64.Build.0 = Release|x64
		{EAB43529-8735-4C4F-85DD-F8CC25A15FD0}.Release|x86.ActiveCfg = Release|Win32
		{EAB43529-8735-4C4F-85DD-F8CC25A15FD0}.Release|x86.Build.0 = Release|Win32
	EndGlobalSection
	GlobalSection(SolutionProperties) = preSolution
		HideSolutionNode = FALSE
	EndGlobalSection
	GlobalSection(ExtensibilityGlobals) = postSolution
		SolutionGuid = {4D4ED5DF-6291-4F67-8EC8-C098403688E0}
	EndGlobalSection
EndGlobal
